// !$*UTF8*$!
{
	archiveVersion = 1;
	classes = {
	};
	objectVersion = 56;
	objects = {

/* Begin PBXBuildFile section */
		3A464193292D0B9900C6B7A3 /* RouteFinding+CoreDataClass.swift in Sources */ = {isa = PBXBuildFile; fileRef = 3A46418D292D0B9900C6B7A3 /* RouteFinding+CoreDataClass.swift */; };
		3A464194292D0B9900C6B7A3 /* RouteFinding+CoreDataProperties.swift in Sources */ = {isa = PBXBuildFile; fileRef = 3A46418E292D0B9900C6B7A3 /* RouteFinding+CoreDataProperties.swift */; };
		3A464195292D0B9900C6B7A3 /* Page+CoreDataClass.swift in Sources */ = {isa = PBXBuildFile; fileRef = 3A46418F292D0B9900C6B7A3 /* Page+CoreDataClass.swift */; };
		3A464196292D0B9900C6B7A3 /* Page+CoreDataProperties.swift in Sources */ = {isa = PBXBuildFile; fileRef = 3A464190292D0B9900C6B7A3 /* Page+CoreDataProperties.swift */; };
		3A46419B292D0EF400C6B7A3 /* BodyPoint+CoreDataClass.swift in Sources */ = {isa = PBXBuildFile; fileRef = 3A464199292D0EF400C6B7A3 /* BodyPoint+CoreDataClass.swift */; };
		3A46419C292D0EF400C6B7A3 /* BodyPoint+CoreDataProperties.swift in Sources */ = {isa = PBXBuildFile; fileRef = 3A46419A292D0EF400C6B7A3 /* BodyPoint+CoreDataProperties.swift */; };
		3A53351C29276082007BFE6B /* AppDelegate.swift in Sources */ = {isa = PBXBuildFile; fileRef = 3A53351B29276082007BFE6B /* AppDelegate.swift */; };
		3A53351E29276082007BFE6B /* SceneDelegate.swift in Sources */ = {isa = PBXBuildFile; fileRef = 3A53351D29276082007BFE6B /* SceneDelegate.swift */; };
		3A53352029276082007BFE6B /* RouteViewController.swift in Sources */ = {isa = PBXBuildFile; fileRef = 3A53351F29276082007BFE6B /* RouteViewController.swift */; };
		3A53352629276082007BFE6B /* CGPointWithCoreData.xcdatamodeld in Sources */ = {isa = PBXBuildFile; fileRef = 3A53352429276082007BFE6B /* CGPointWithCoreData.xcdatamodeld */; };
		3A53352829276082007BFE6B /* Assets.xcassets in Resources */ = {isa = PBXBuildFile; fileRef = 3A53352729276082007BFE6B /* Assets.xcassets */; };
		3A53352B29276082007BFE6B /* LaunchScreen.storyboard in Resources */ = {isa = PBXBuildFile; fileRef = 3A53352929276082007BFE6B /* LaunchScreen.storyboard */; };
		3A53354C2927B169007BFE6B /* CoreDataManager.swift in Sources */ = {isa = PBXBuildFile; fileRef = 3A53354B2927B169007BFE6B /* CoreDataManager.swift */; };
		3A53355D2927D9EF007BFE6B /* RouteInfo.swift in Sources */ = {isa = PBXBuildFile; fileRef = 3A53355C2927D9EF007BFE6B /* RouteInfo.swift */; };
		3A53355F2927DDD7007BFE6B /* RouteTableViewCell.swift in Sources */ = {isa = PBXBuildFile; fileRef = 3A53355E2927DDD7007BFE6B /* RouteTableViewCell.swift */; };
		3A5335632927E3D0007BFE6B /* Date+.swift in Sources */ = {isa = PBXBuildFile; fileRef = 3A5335622927E3D0007BFE6B /* Date+.swift */; };
		3A5335692927F7C1007BFE6B /* PageViewController.swift in Sources */ = {isa = PBXBuildFile; fileRef = 3A5335682927F7C1007BFE6B /* PageViewController.swift */; };
		3A53356B2927F851007BFE6B /* PageTableViewCell.swift in Sources */ = {isa = PBXBuildFile; fileRef = 3A53356A2927F851007BFE6B /* PageTableViewCell.swift */; };
		3A5335792929151A007BFE6B /* MainViewController.swift in Sources */ = {isa = PBXBuildFile; fileRef = 3A5335782929151A007BFE6B /* MainViewController.swift */; };
		3A53357C29294AF6007BFE6B /* PageInfo.swift in Sources */ = {isa = PBXBuildFile; fileRef = 3A53357B29294AF6007BFE6B /* PageInfo.swift */; };
		3A53357E29294B64007BFE6B /* BodyPointInfo.swift in Sources */ = {isa = PBXBuildFile; fileRef = 3A53357D29294B64007BFE6B /* BodyPointInfo.swift */; };
		3A5335812929662A007BFE6B /* BodyPointListViewController.swift in Sources */ = {isa = PBXBuildFile; fileRef = 3A5335802929662A007BFE6B /* BodyPointListViewController.swift */; };
		3A5335832929665E007BFE6B /* BodyPointListTableViewCell.swift in Sources */ = {isa = PBXBuildFile; fileRef = 3A5335822929665E007BFE6B /* BodyPointListTableViewCell.swift */; };
		3A53358529296759007BFE6B /* FootOrHand.swift in Sources */ = {isa = PBXBuildFile; fileRef = 3A53358429296759007BFE6B /* FootOrHand.swift */; };
		3A533589292A42C6007BFE6B /* CoreDataDAO.swift in Sources */ = {isa = PBXBuildFile; fileRef = 3A533588292A42C6007BFE6B /* CoreDataDAO.swift */; };
/* End PBXBuildFile section */

/* Begin PBXFileReference section */
		3A46418D292D0B9900C6B7A3 /* RouteFinding+CoreDataClass.swift */ = {isa = PBXFileReference; lastKnownFileType = sourcecode.swift; path = "RouteFinding+CoreDataClass.swift"; sourceTree = "<group>"; };
		3A46418E292D0B9900C6B7A3 /* RouteFinding+CoreDataProperties.swift */ = {isa = PBXFileReference; lastKnownFileType = sourcecode.swift; path = "RouteFinding+CoreDataProperties.swift"; sourceTree = "<group>"; };
		3A46418F292D0B9900C6B7A3 /* Page+CoreDataClass.swift */ = {isa = PBXFileReference; lastKnownFileType = sourcecode.swift; path = "Page+CoreDataClass.swift"; sourceTree = "<group>"; };
		3A464190292D0B9900C6B7A3 /* Page+CoreDataProperties.swift */ = {isa = PBXFileReference; lastKnownFileType = sourcecode.swift; path = "Page+CoreDataProperties.swift"; sourceTree = "<group>"; };
		3A464199292D0EF400C6B7A3 /* BodyPoint+CoreDataClass.swift */ = {isa = PBXFileReference; lastKnownFileType = sourcecode.swift; path = "BodyPoint+CoreDataClass.swift"; sourceTree = "<group>"; };
		3A46419A292D0EF400C6B7A3 /* BodyPoint+CoreDataProperties.swift */ = {isa = PBXFileReference; lastKnownFileType = sourcecode.swift; path = "BodyPoint+CoreDataProperties.swift"; sourceTree = "<group>"; };
		3A53351829276082007BFE6B /* CGPointWithCoreData.app */ = {isa = PBXFileReference; explicitFileType = wrapper.application; includeInIndex = 0; path = CGPointWithCoreData.app; sourceTree = BUILT_PRODUCTS_DIR; };
		3A53351B29276082007BFE6B /* AppDelegate.swift */ = {isa = PBXFileReference; lastKnownFileType = sourcecode.swift; path = AppDelegate.swift; sourceTree = "<group>"; };
		3A53351D29276082007BFE6B /* SceneDelegate.swift */ = {isa = PBXFileReference; lastKnownFileType = sourcecode.swift; path = SceneDelegate.swift; sourceTree = "<group>"; };
		3A53351F29276082007BFE6B /* RouteViewController.swift */ = {isa = PBXFileReference; lastKnownFileType = sourcecode.swift; path = RouteViewController.swift; sourceTree = "<group>"; };
		3A53352529276082007BFE6B /* CGPointWithCoreData.xcdatamodel */ = {isa = PBXFileReference; lastKnownFileType = wrapper.xcdatamodel; path = CGPointWithCoreData.xcdatamodel; sourceTree = "<group>"; };
		3A53352729276082007BFE6B /* Assets.xcassets */ = {isa = PBXFileReference; lastKnownFileType = folder.assetcatalog; path = Assets.xcassets; sourceTree = "<group>"; };
		3A53352A29276082007BFE6B /* Base */ = {isa = PBXFileReference; lastKnownFileType = file.storyboard; name = Base; path = Base.lproj/LaunchScreen.storyboard; sourceTree = "<group>"; };
		3A53352C29276082007BFE6B /* Info.plist */ = {isa = PBXFileReference; lastKnownFileType = text.plist.xml; path = Info.plist; sourceTree = "<group>"; };
		3A53354B2927B169007BFE6B /* CoreDataManager.swift */ = {isa = PBXFileReference; lastKnownFileType = sourcecode.swift; path = CoreDataManager.swift; sourceTree = "<group>"; };
		3A53355C2927D9EF007BFE6B /* RouteInfo.swift */ = {isa = PBXFileReference; lastKnownFileType = sourcecode.swift; path = RouteInfo.swift; sourceTree = "<group>"; };
		3A53355E2927DDD7007BFE6B /* RouteTableViewCell.swift */ = {isa = PBXFileReference; lastKnownFileType = sourcecode.swift; path = RouteTableViewCell.swift; sourceTree = "<group>"; };
		3A5335622927E3D0007BFE6B /* Date+.swift */ = {isa = PBXFileReference; lastKnownFileType = sourcecode.swift; path = "Date+.swift"; sourceTree = "<group>"; };
		3A5335682927F7C1007BFE6B /* PageViewController.swift */ = {isa = PBXFileReference; lastKnownFileType = sourcecode.swift; path = PageViewController.swift; sourceTree = "<group>"; };
		3A53356A2927F851007BFE6B /* PageTableViewCell.swift */ = {isa = PBXFileReference; lastKnownFileType = sourcecode.swift; path = PageTableViewCell.swift; sourceTree = "<group>"; };
		3A5335782929151A007BFE6B /* MainViewController.swift */ = {isa = PBXFileReference; lastKnownFileType = sourcecode.swift; path = MainViewController.swift; sourceTree = "<group>"; };
		3A53357B29294AF6007BFE6B /* PageInfo.swift */ = {isa = PBXFileReference; lastKnownFileType = sourcecode.swift; path = PageInfo.swift; sourceTree = "<group>"; };
		3A53357D29294B64007BFE6B /* BodyPointInfo.swift */ = {isa = PBXFileReference; lastKnownFileType = sourcecode.swift; path = BodyPointInfo.swift; sourceTree = "<group>"; };
		3A5335802929662A007BFE6B /* BodyPointListViewController.swift */ = {isa = PBXFileReference; lastKnownFileType = sourcecode.swift; path = BodyPointListViewController.swift; sourceTree = "<group>"; };
		3A5335822929665E007BFE6B /* BodyPointListTableViewCell.swift */ = {isa = PBXFileReference; lastKnownFileType = sourcecode.swift; path = BodyPointListTableViewCell.swift; sourceTree = "<group>"; };
		3A53358429296759007BFE6B /* FootOrHand.swift */ = {isa = PBXFileReference; lastKnownFileType = sourcecode.swift; path = FootOrHand.swift; sourceTree = "<group>"; };
		3A533588292A42C6007BFE6B /* CoreDataDAO.swift */ = {isa = PBXFileReference; lastKnownFileType = sourcecode.swift; path = CoreDataDAO.swift; sourceTree = "<group>"; };
/* End PBXFileReference section */

/* Begin PBXFrameworksBuildPhase section */
		3A53351529276082007BFE6B /* Frameworks */ = {
			isa = PBXFrameworksBuildPhase;
			buildActionMask = 2147483647;
			files = (
			);
			runOnlyForDeploymentPostprocessing = 0;
		};
/* End PBXFrameworksBuildPhase section */

/* Begin PBXGroup section */
		3A53350F29276082007BFE6B = {
			isa = PBXGroup;
			children = (
				3A53351A29276082007BFE6B /* CGPointWithCoreData */,
				3A53351929276082007BFE6B /* Products */,
			);
			sourceTree = "<group>";
		};
		3A53351929276082007BFE6B /* Products */ = {
			isa = PBXGroup;
			children = (
				3A53351829276082007BFE6B /* CGPointWithCoreData.app */,
			);
			name = Products;
			sourceTree = "<group>";
		};
		3A53351A29276082007BFE6B /* CGPointWithCoreData */ = {
			isa = PBXGroup;
			children = (
				3A5335612927E3BC007BFE6B /* Extensions */,
				3A53357A29291648007BFE6B /* Main */,
				3A5335602927DDDF007BFE6B /* Route */,
				3A5335672927F77C007BFE6B /* Page_Create */,
				3A53357F29296606007BFE6B /* BodyPoint */,
				3A5335592927D948007BFE6B /* Model */,
				3A5335422927B02F007BFE6B /* CoreData */,
				3A53351B29276082007BFE6B /* AppDelegate.swift */,
				3A53351D29276082007BFE6B /* SceneDelegate.swift */,
				3A53352729276082007BFE6B /* Assets.xcassets */,
				3A53352929276082007BFE6B /* LaunchScreen.storyboard */,
				3A53352C29276082007BFE6B /* Info.plist */,
				3A53352429276082007BFE6B /* CGPointWithCoreData.xcdatamodeld */,
			);
			path = CGPointWithCoreData;
			sourceTree = "<group>";
		};
		3A5335422927B02F007BFE6B /* CoreData */ = {
			isa = PBXGroup;
			children = (
				3A46418D292D0B9900C6B7A3 /* RouteFinding+CoreDataClass.swift */,
				3A46418E292D0B9900C6B7A3 /* RouteFinding+CoreDataProperties.swift */,
				3A464199292D0EF400C6B7A3 /* BodyPoint+CoreDataClass.swift */,
				3A46419A292D0EF400C6B7A3 /* BodyPoint+CoreDataProperties.swift */,
				3A46418F292D0B9900C6B7A3 /* Page+CoreDataClass.swift */,
				3A464190292D0B9900C6B7A3 /* Page+CoreDataProperties.swift */,
				3A53354B2927B169007BFE6B /* CoreDataManager.swift */,
				3A533588292A42C6007BFE6B /* CoreDataDAO.swift */,
			);
			path = CoreData;
			sourceTree = "<group>";
		};
		3A5335592927D948007BFE6B /* Model */ = {
			isa = PBXGroup;
			children = (
				3A53355C2927D9EF007BFE6B /* RouteInfo.swift */,
				3A53357B29294AF6007BFE6B /* PageInfo.swift */,
				3A53357D29294B64007BFE6B /* BodyPointInfo.swift */,
				3A53358429296759007BFE6B /* FootOrHand.swift */,
			);
			path = Model;
			sourceTree = "<group>";
		};
		3A5335602927DDDF007BFE6B /* Route */ = {
			isa = PBXGroup;
			children = (
				3A53351F29276082007BFE6B /* RouteViewController.swift */,
				3A53355E2927DDD7007BFE6B /* RouteTableViewCell.swift */,
			);
			path = Route;
			sourceTree = "<group>";
		};
		3A5335612927E3BC007BFE6B /* Extensions */ = {
			isa = PBXGroup;
			children = (
				3A5335622927E3D0007BFE6B /* Date+.swift */,
			);
			path = Extensions;
			sourceTree = "<group>";
		};
		3A5335672927F77C007BFE6B /* Page_Create */ = {
			isa = PBXGroup;
			children = (
				3A5335682927F7C1007BFE6B /* PageViewController.swift */,
				3A53356A2927F851007BFE6B /* PageTableViewCell.swift */,
			);
			path = Page_Create;
			sourceTree = "<group>";
		};
		3A53357A29291648007BFE6B /* Main */ = {
			isa = PBXGroup;
			children = (
				3A5335782929151A007BFE6B /* MainViewController.swift */,
			);
			path = Main;
			sourceTree = "<group>";
		};
		3A53357F29296606007BFE6B /* BodyPoint */ = {
			isa = PBXGroup;
			children = (
				3A5335802929662A007BFE6B /* BodyPointListViewController.swift */,
				3A5335822929665E007BFE6B /* BodyPointListTableViewCell.swift */,
			);
			path = BodyPoint;
			sourceTree = "<group>";
		};
/* End PBXGroup section */

/* Begin PBXNativeTarget section */
		3A53351729276082007BFE6B /* CGPointWithCoreData */ = {
			isa = PBXNativeTarget;
			buildConfigurationList = 3A53352F29276082007BFE6B /* Build configuration list for PBXNativeTarget "CGPointWithCoreData" */;
			buildPhases = (
				3A53351429276082007BFE6B /* Sources */,
				3A53351529276082007BFE6B /* Frameworks */,
				3A53351629276082007BFE6B /* Resources */,
			);
			buildRules = (
			);
			dependencies = (
			);
			name = CGPointWithCoreData;
			productName = CGPointWithCoreData;
			productReference = 3A53351829276082007BFE6B /* CGPointWithCoreData.app */;
			productType = "com.apple.product-type.application";
		};
/* End PBXNativeTarget section */

/* Begin PBXProject section */
		3A53351029276082007BFE6B /* Project object */ = {
			isa = PBXProject;
			attributes = {
				BuildIndependentTargetsInParallel = 1;
				LastSwiftUpdateCheck = 1400;
				LastUpgradeCheck = 1400;
				TargetAttributes = {
					3A53351729276082007BFE6B = {
						CreatedOnToolsVersion = 14.0.1;
					};
				};
			};
			buildConfigurationList = 3A53351329276082007BFE6B /* Build configuration list for PBXProject "CGPointWithCoreData" */;
			compatibilityVersion = "Xcode 14.0";
			developmentRegion = en;
			hasScannedForEncodings = 0;
			knownRegions = (
				en,
				Base,
			);
			mainGroup = 3A53350F29276082007BFE6B;
			productRefGroup = 3A53351929276082007BFE6B /* Products */;
			projectDirPath = "";
			projectRoot = "";
			targets = (
				3A53351729276082007BFE6B /* CGPointWithCoreData */,
			);
		};
/* End PBXProject section */

/* Begin PBXResourcesBuildPhase section */
		3A53351629276082007BFE6B /* Resources */ = {
			isa = PBXResourcesBuildPhase;
			buildActionMask = 2147483647;
			files = (
				3A53352B29276082007BFE6B /* LaunchScreen.storyboard in Resources */,
				3A53352829276082007BFE6B /* Assets.xcassets in Resources */,
			);
			runOnlyForDeploymentPostprocessing = 0;
		};
/* End PBXResourcesBuildPhase section */

/* Begin PBXSourcesBuildPhase section */
		3A53351429276082007BFE6B /* Sources */ = {
			isa = PBXSourcesBuildPhase;
			buildActionMask = 2147483647;
			files = (
				3A464194292D0B9900C6B7A3 /* RouteFinding+CoreDataProperties.swift in Sources */,
				3A53354C2927B169007BFE6B /* CoreDataManager.swift in Sources */,
				3A53356B2927F851007BFE6B /* PageTableViewCell.swift in Sources */,
				3A53352029276082007BFE6B /* RouteViewController.swift in Sources */,
				3A464195292D0B9900C6B7A3 /* Page+CoreDataClass.swift in Sources */,
				3A53355F2927DDD7007BFE6B /* RouteTableViewCell.swift in Sources */,
				3A53358529296759007BFE6B /* FootOrHand.swift in Sources */,
				3A5335812929662A007BFE6B /* BodyPointListViewController.swift in Sources */,
				3A53351C29276082007BFE6B /* AppDelegate.swift in Sources */,
				3A5335792929151A007BFE6B /* MainViewController.swift in Sources */,
				3A533589292A42C6007BFE6B /* CoreDataDAO.swift in Sources */,
				3A53357E29294B64007BFE6B /* BodyPointInfo.swift in Sources */,
				3A5335692927F7C1007BFE6B /* PageViewController.swift in Sources */,
				3A46419C292D0EF400C6B7A3 /* BodyPoint+CoreDataProperties.swift in Sources */,
				3A53352629276082007BFE6B /* CGPointWithCoreData.xcdatamodeld in Sources */,
				3A5335832929665E007BFE6B /* BodyPointListTableViewCell.swift in Sources */,
				3A5335632927E3D0007BFE6B /* Date+.swift in Sources */,
				3A46419B292D0EF400C6B7A3 /* BodyPoint+CoreDataClass.swift in Sources */,
				3A464193292D0B9900C6B7A3 /* RouteFinding+CoreDataClass.swift in Sources */,
				3A464196292D0B9900C6B7A3 /* Page+CoreDataProperties.swift in Sources */,
				3A53351E29276082007BFE6B /* SceneDelegate.swift in Sources */,
				3A53357C29294AF6007BFE6B /* PageInfo.swift in Sources */,
				3A53355D2927D9EF007BFE6B /* RouteInfo.swift in Sources */,
			);
			runOnlyForDeploymentPostprocessing = 0;
		};
/* End PBXSourcesBuildPhase section */

/* Begin PBXVariantGroup section */
		3A53352929276082007BFE6B /* LaunchScreen.storyboard */ = {
			isa = PBXVariantGroup;
			children = (
				3A53352A29276082007BFE6B /* Base */,
			);
			name = LaunchScreen.storyboard;
			sourceTree = "<group>";
		};
/* End PBXVariantGroup section */

/* Begin XCBuildConfiguration section */
		3A53352D29276082007BFE6B /* Debug */ = {
			isa = XCBuildConfiguration;
			buildSettings = {
				ALWAYS_SEARCH_USER_PATHS = NO;
				CLANG_ANALYZER_NONNULL = YES;
				CLANG_ANALYZER_NUMBER_OBJECT_CONVERSION = YES_AGGRESSIVE;
				CLANG_CXX_LANGUAGE_STANDARD = "gnu++20";
				CLANG_ENABLE_MODULES = YES;
				CLANG_ENABLE_OBJC_ARC = YES;
				CLANG_ENABLE_OBJC_WEAK = YES;
				CLANG_WARN_BLOCK_CAPTURE_AUTORELEASING = YES;
				CLANG_WARN_BOOL_CONVERSION = YES;
				CLANG_WARN_COMMA = YES;
				CLANG_WARN_CONSTANT_CONVERSION = YES;
				CLANG_WARN_DEPRECATED_OBJC_IMPLEMENTATIONS = YES;
				CLANG_WARN_DIRECT_OBJC_ISA_USAGE = YES_ERROR;
				CLANG_WARN_DOCUMENTATION_COMMENTS = YES;
				CLANG_WARN_EMPTY_BODY = YES;
				CLANG_WARN_ENUM_CONVERSION = YES;
				CLANG_WARN_INFINITE_RECURSION = YES;
				CLANG_WARN_INT_CONVERSION = YES;
				CLANG_WARN_NON_LITERAL_NULL_CONVERSION = YES;
				CLANG_WARN_OBJC_IMPLICIT_RETAIN_SELF = YES;
				CLANG_WARN_OBJC_LITERAL_CONVERSION = YES;
				CLANG_WARN_OBJC_ROOT_CLASS = YES_ERROR;
				CLANG_WARN_QUOTED_INCLUDE_IN_FRAMEWORK_HEADER = YES;
				CLANG_WARN_RANGE_LOOP_ANALYSIS = YES;
				CLANG_WARN_STRICT_PROTOTYPES = YES;
				CLANG_WARN_SUSPICIOUS_MOVE = YES;
				CLANG_WARN_UNGUARDED_AVAILABILITY = YES_AGGRESSIVE;
				CLANG_WARN_UNREACHABLE_CODE = YES;
				CLANG_WARN__DUPLICATE_METHOD_MATCH = YES;
				COPY_PHASE_STRIP = NO;
				DEBUG_INFORMATION_FORMAT = dwarf;
				ENABLE_STRICT_OBJC_MSGSEND = YES;
				ENABLE_TESTABILITY = YES;
				GCC_C_LANGUAGE_STANDARD = gnu11;
				GCC_DYNAMIC_NO_PIC = NO;
				GCC_NO_COMMON_BLOCKS = YES;
				GCC_OPTIMIZATION_LEVEL = 0;
				GCC_PREPROCESSOR_DEFINITIONS = (
					"DEBUG=1",
					"$(inherited)",
				);
				GCC_WARN_64_TO_32_BIT_CONVERSION = YES;
				GCC_WARN_ABOUT_RETURN_TYPE = YES_ERROR;
				GCC_WARN_UNDECLARED_SELECTOR = YES;
				GCC_WARN_UNINITIALIZED_AUTOS = YES_AGGRESSIVE;
				GCC_WARN_UNUSED_FUNCTION = YES;
				GCC_WARN_UNUSED_VARIABLE = YES;
				IPHONEOS_DEPLOYMENT_TARGET = 16.0;
				MTL_ENABLE_DEBUG_INFO = INCLUDE_SOURCE;
				MTL_FAST_MATH = YES;
				ONLY_ACTIVE_ARCH = YES;
				SDKROOT = iphoneos;
				SWIFT_ACTIVE_COMPILATION_CONDITIONS = DEBUG;
				SWIFT_OPTIMIZATION_LEVEL = "-Onone";
			};
			name = Debug;
		};
		3A53352E29276082007BFE6B /* Release */ = {
			isa = XCBuildConfiguration;
			buildSettings = {
				ALWAYS_SEARCH_USER_PATHS = NO;
				CLANG_ANALYZER_NONNULL = YES;
				CLANG_ANALYZER_NUMBER_OBJECT_CONVERSION = YES_AGGRESSIVE;
				CLANG_CXX_LANGUAGE_STANDARD = "gnu++20";
				CLANG_ENABLE_MODULES = YES;
				CLANG_ENABLE_OBJC_ARC = YES;
				CLANG_ENABLE_OBJC_WEAK = YES;
				CLANG_WARN_BLOCK_CAPTURE_AUTORELEASING = YES;
				CLANG_WARN_BOOL_CONVERSION = YES;
				CLANG_WARN_COMMA = YES;
				CLANG_WARN_CONSTANT_CONVERSION = YES;
				CLANG_WARN_DEPRECATED_OBJC_IMPLEMENTATIONS = YES;
				CLANG_WARN_DIRECT_OBJC_ISA_USAGE = YES_ERROR;
				CLANG_WARN_DOCUMENTATION_COMMENTS = YES;
				CLANG_WARN_EMPTY_BODY = YES;
				CLANG_WARN_ENUM_CONVERSION = YES;
				CLANG_WARN_INFINITE_RECURSION = YES;
				CLANG_WARN_INT_CONVERSION = YES;
				CLANG_WARN_NON_LITERAL_NULL_CONVERSION = YES;
				CLANG_WARN_OBJC_IMPLICIT_RETAIN_SELF = YES;
				CLANG_WARN_OBJC_LITERAL_CONVERSION = YES;
				CLANG_WARN_OBJC_ROOT_CLASS = YES_ERROR;
				CLANG_WARN_QUOTED_INCLUDE_IN_FRAMEWORK_HEADER = YES;
				CLANG_WARN_RANGE_LOOP_ANALYSIS = YES;
				CLANG_WARN_STRICT_PROTOTYPES = YES;
				CLANG_WARN_SUSPICIOUS_MOVE = YES;
				CLANG_WARN_UNGUARDED_AVAILABILITY = YES_AGGRESSIVE;
				CLANG_WARN_UNREACHABLE_CODE = YES;
				CLANG_WARN__DUPLICATE_METHOD_MATCH = YES;
				COPY_PHASE_STRIP = NO;
				DEBUG_INFORMATION_FORMAT = "dwarf-with-dsym";
				ENABLE_NS_ASSERTIONS = NO;
				ENABLE_STRICT_OBJC_MSGSEND = YES;
				GCC_C_LANGUAGE_STANDARD = gnu11;
				GCC_NO_COMMON_BLOCKS = YES;
				GCC_WARN_64_TO_32_BIT_CONVERSION = YES;
				GCC_WARN_ABOUT_RETURN_TYPE = YES_ERROR;
				GCC_WARN_UNDECLARED_SELECTOR = YES;
				GCC_WARN_UNINITIALIZED_AUTOS = YES_AGGRESSIVE;
				GCC_WARN_UNUSED_FUNCTION = YES;
				GCC_WARN_UNUSED_VARIABLE = YES;
				IPHONEOS_DEPLOYMENT_TARGET = 16.0;
				MTL_ENABLE_DEBUG_INFO = NO;
				MTL_FAST_MATH = YES;
				SDKROOT = iphoneos;
				SWIFT_COMPILATION_MODE = wholemodule;
				SWIFT_OPTIMIZATION_LEVEL = "-O";
				VALIDATE_PRODUCT = YES;
			};
			name = Release;
		};
		3A53353029276082007BFE6B /* Debug */ = {
			isa = XCBuildConfiguration;
			buildSettings = {
				ASSETCATALOG_COMPILER_APPICON_NAME = AppIcon;
				ASSETCATALOG_COMPILER_GLOBAL_ACCENT_COLOR_NAME = AccentColor;
				CODE_SIGN_STYLE = Automatic;
				CURRENT_PROJECT_VERSION = 1;
				DEVELOPMENT_TEAM = UAM52RQFW9;
				GENERATE_INFOPLIST_FILE = YES;
				INFOPLIST_FILE = CGPointWithCoreData/Info.plist;
				INFOPLIST_KEY_UIApplicationSupportsIndirectInputEvents = YES;
				INFOPLIST_KEY_UILaunchStoryboardName = LaunchScreen;
				INFOPLIST_KEY_UISupportedInterfaceOrientations_iPad = "UIInterfaceOrientationPortrait UIInterfaceOrientationPortraitUpsideDown UIInterfaceOrientationLandscapeLeft UIInterfaceOrientationLandscapeRight";
				INFOPLIST_KEY_UISupportedInterfaceOrientations_iPhone = "UIInterfaceOrientationPortrait UIInterfaceOrientationLandscapeLeft UIInterfaceOrientationLandscapeRight";
				LD_RUNPATH_SEARCH_PATHS = (
					"$(inherited)",
					"@executable_path/Frameworks",
				);
				MARKETING_VERSION = 1.0;
				PRODUCT_BUNDLE_IDENTIFIER = com.jhHwang.CGPointWithCoreData;
				PRODUCT_NAME = "$(TARGET_NAME)";
				SWIFT_EMIT_LOC_STRINGS = YES;
				SWIFT_VERSION = 5.0;
				TARGETED_DEVICE_FAMILY = "1,2";
			};
			name = Debug;
		};
		3A53353129276082007BFE6B /* Release */ = {
			isa = XCBuildConfiguration;
			buildSettings = {
				ASSETCATALOG_COMPILER_APPICON_NAME = AppIcon;
				ASSETCATALOG_COMPILER_GLOBAL_ACCENT_COLOR_NAME = AccentColor;
				CODE_SIGN_STYLE = Automatic;
				CURRENT_PROJECT_VERSION = 1;
				DEVELOPMENT_TEAM = UAM52RQFW9;
				GENERATE_INFOPLIST_FILE = YES;
				INFOPLIST_FILE = CGPointWithCoreData/Info.plist;
				INFOPLIST_KEY_UIApplicationSupportsIndirectInputEvents = YES;
				INFOPLIST_KEY_UILaunchStoryboardName = LaunchScreen;
				INFOPLIST_KEY_UISupportedInterfaceOrientations_iPad = "UIInterfaceOrientationPortrait UIInterfaceOrientationPortraitUpsideDown UIInterfaceOrientationLandscapeLeft UIInterfaceOrientationLandscapeRight";
				INFOPLIST_KEY_UISupportedInterfaceOrientations_iPhone = "UIInterfaceOrientationPortrait UIInterfaceOrientationLandscapeLeft UIInterfaceOrientationLandscapeRight";
				LD_RUNPATH_SEARCH_PATHS = (
					"$(inherited)",
					"@executable_path/Frameworks",
				);
				MARKETING_VERSION = 1.0;
				PRODUCT_BUNDLE_IDENTIFIER = com.jhHwang.CGPointWithCoreData;
				PRODUCT_NAME = "$(TARGET_NAME)";
				SWIFT_EMIT_LOC_STRINGS = YES;
				SWIFT_VERSION = 5.0;
				TARGETED_DEVICE_FAMILY = "1,2";
			};
			name = Release;
		};
/* End XCBuildConfiguration section */

/* Begin XCConfigurationList section */
		3A53351329276082007BFE6B /* Build configuration list for PBXProject "CGPointWithCoreData" */ = {
			isa = XCConfigurationList;
			buildConfigurations = (
				3A53352D29276082007BFE6B /* Debug */,
				3A53352E29276082007BFE6B /* Release */,
			);
			defaultConfigurationIsVisible = 0;
			defaultConfigurationName = Release;
		};
		3A53352F29276082007BFE6B /* Build configuration list for PBXNativeTarget "CGPointWithCoreData" */ = {
			isa = XCConfigurationList;
			buildConfigurations = (
				3A53353029276082007BFE6B /* Debug */,
				3A53353129276082007BFE6B /* Release */,
			);
			defaultConfigurationIsVisible = 0;
			defaultConfigurationName = Release;
		};
/* End XCConfigurationList section */

/* Begin XCVersionGroup section */
		3A53352429276082007BFE6B /* CGPointWithCoreData.xcdatamodeld */ = {
			isa = XCVersionGroup;
			children = (
				3A53352529276082007BFE6B /* CGPointWithCoreData.xcdatamodel */,
			);
			currentVersion = 3A53352529276082007BFE6B /* CGPointWithCoreData.xcdatamodel */;
			path = CGPointWithCoreData.xcdatamodeld;
			sourceTree = "<group>";
			versionGroupType = wrapper.xcdatamodel;
		};
/* End XCVersionGroup section */
	};
	rootObject = 3A53351029276082007BFE6B /* Project object */;
}
